
Microsoft Visual Studio Solution File, Format Version 12.00
# Visual Studio Version 17
VisualStudioVersion = 17.4.33213.308
MinimumVisualStudioVersion = 10.0.40219.1
Project("{FAE04EC0-301F-11D3-BF4B-00C04F79EFBC}") = "ATM", "ATM\ATM.csproj", "{F4733FA8-81C6-4898-850A-14A2B94A90C9}"
EndProject
Global
	GlobalSection(SolutionConfigurationPlatforms) = preSolution
		Debug|Any CPU = Debug|Any CPU
		Release|Any CPU = Release|Any CPU
	EndGlobalSection
	GlobalSection(ProjectConfigurationPlatforms) = postSolution
		{F4733FA8-81C6-4898-850A-14A2B94A90C9}.Debug|Any CPU.ActiveCfg = Debug|Any CPU
		{F4733FA8-81C6-4898-850A-14A2B94A90C9}.Debug|Any CPU.Build.0 = Debug|Any CPU
		{F4733FA8-81C6-4898-850A-14A2B94A90C9}.Release|Any CPU.ActiveCfg = Release|Any CPU
		{F4733FA8-81C6-4898-850A-14A2B94A90C9}.Release|Any CPU.Build.0 = Release|Any CPU
	EndGlobalSection
	GlobalSection(SolutionProperties) = preSolution
		HideSolutionNode = FALSE
	EndGlobalSection
	GlobalSection(ExtensibilityGlobals) = postSolution
		SolutionGuid = {C4DD4E0A-D001-4A50-AC86-6E81D62AA628}
	EndGlobalSection
EndGlobal
